Microsoft Visual Studio Solution File, Format Version 12.00
# Visual Studio 2012
Project("{FAE04EC0-301F-11D3-BF4B-00C04F79EFBC}") = "Spring.Rest.2012-NET45", "src\Spring.Rest\Spring.Rest.2012-NET45.csproj", "{09E04EC0-301F-11D3-BF4B-00C04F79EFBC}"
EndProject
Project("{FAE04EC0-301F-11D3-BF4B-00C04F79EFBC}") = "Spring.Rest.Tests.2012-NET45", "test\Spring.Rest.Tests\Spring.Rest.Tests.2012-NET45.csproj", "{3494CEE7-3897-A3BF-9946-5B4374F01821}"
EndProject
Project("{FAE04EC0-301F-11D3-BF4B-00C04F79EFBC}") = "Spring.Http.Converters.NJson.2012-NET45", "src\Spring.Http.Converters.NJson\Spring.Http.Converters.NJson.2012-NET45.csproj", "{DF4EDAC0-651F-1D31-BBF4-09EF0C04F7BC}"
EndProject
Project("{FAE04EC0-301F-11D3-BF4B-00C04F79EFBC}") = "Spring.Rest.Testing.2012-NET45", "src\Spring.Rest.Testing\Spring.Rest.Testing.2012-NET45.csproj", "{F3F79EFB-301F-11D3-BF4B-00CFAE04EC0C}"
EndProject
Global
	GlobalSection(SolutionConfigurationPlatforms) = preSolution
		Debug|Any CPU = Debug|Any CPU
		Release|Any CPU = Release|Any CPU
	EndGlobalSection
	GlobalSection(ProjectConfigurationPlatforms) = postSolution
		{09E04EC0-301F-11D3-BF4B-00C04F79EFBC}.Debug|Any CPU.ActiveCfg = Debug|Any CPU
		{09E04EC0-301F-11D3-BF4B-00C04F79EFBC}.Debug|Any CPU.Build.0 = Debug|Any CPU
		{09E04EC0-301F-11D3-BF4B-00C04F79EFBC}.Release|Any CPU.ActiveCfg = Release|Any CPU
		{09E04EC0-301F-11D3-BF4B-00C04F79EFBC}.Release|Any CPU.Build.0 = Release|Any CPU
		{3494CEE7-3897-A3BF-9946-5B4374F01821}.Debug|Any CPU.ActiveCfg = Debug|Any CPU
		{3494CEE7-3897-A3BF-9946-5B4374F01821}.Debug|Any CPU.Build.0 = Debug|Any CPU
		{3494CEE7-3897-A3BF-9946-5B4374F01821}.Release|Any CPU.ActiveCfg = Release|Any CPU
		{3494CEE7-3897-A3BF-9946-5B4374F01821}.Release|Any CPU.Build.0 = Release|Any CPU
		{DF4EDAC0-651F-1D31-BBF4-09EF0C04F7BC}.Debug|Any CPU.ActiveCfg = Debug|Any CPU
		{DF4EDAC0-651F-1D31-BBF4-09EF0C04F7BC}.Debug|Any CPU.Build.0 = Debug|Any CPU
		{DF4EDAC0-651F-1D31-BBF4-09EF0C04F7BC}.Release|Any CPU.ActiveCfg = Release|Any CPU
		{DF4EDAC0-651F-1D31-BBF4-09EF0C04F7BC}.Release|Any CPU.Build.0 = Release|Any CPU
		{F3F79EFB-301F-11D3-BF4B-00CFAE04EC0C}.Debug|Any CPU.ActiveCfg = Debug|Any CPU
		{F3F79EFB-301F-11D3-BF4B-00CFAE04EC0C}.Debug|Any CPU.Build.0 = Debug|Any CPU
		{F3F79EFB-301F-11D3-BF4B-00CFAE04EC0C}.Release|Any CPU.ActiveCfg = Release|Any CPU
		{F3F79EFB-301F-11D3-BF4B-00CFAE04EC0C}.Release|Any CPU.Build.0 = Release|Any CPU
	EndGlobalSection
	GlobalSection(SolutionProperties) = preSolution
		HideSolutionNode = FALSE
	EndGlobalSection
	GlobalSection(ExtensibilityGlobals) = postSolution
		NAntAddinLastFileName = Spring.build
	EndGlobalSection
EndGlobal
