
Microsoft Visual Studio Solution File, Format Version 11.00
# Visual Studio 2010

Global
	GlobalSection(SolutionConfigurationPlatforms) = preSolution
		Debug|Any CPU = Debug|Any CPU
		Release|Any CPU = Release|Any CPU
	EndGlobalSection
	GlobalSection(ProjectConfigurationPlatforms) = postSolution
		{B47D1EF8-ADD6-4F71-857F-64D54D0636F3}.Debug|Any CPU.ActiveCfg = Debug|Any CPU
		{B47D1EF8-ADD6-4F71-857F-64D54D0636F3}.Debug|Any CPU.Build.0 = Debug|Any CPU
		{B47D1EF8-ADD6-4F71-857F-64D54D0636F3}.Release|Any CPU.ActiveCfg = Release|Any CPU
		{B47D1EF8-ADD6-4F71-857F-64D54D0636F3}.Release|Any CPU.Build.0 = Release|Any CPU
		{6F7D91FF-0DC5-4E1D-9F6F-01EFBF636A20}.Debug|Any CPU.ActiveCfg = Debug|Any CPU
		{6F7D91FF-0DC5-4E1D-9F6F-01EFBF636A20}.Debug|Any CPU.Build.0 = Debug|Any CPU
		{6F7D91FF-0DC5-4E1D-9F6F-01EFBF636A20}.Release|Any CPU.ActiveCfg = Release|Any CPU
		{6F7D91FF-0DC5-4E1D-9F6F-01EFBF636A20}.Release|Any CPU.Build.0 = Release|Any CPU
		{C09BD2CD-AF70-4B18-BE8B-FFAF07636CBE}.Debug|Any CPU.ActiveCfg = Debug|Any CPU
		{C09BD2CD-AF70-4B18-BE8B-FFAF07636CBE}.Debug|Any CPU.Build.0 = Debug|Any CPU
		{C09BD2CD-AF70-4B18-BE8B-FFAF07636CBE}.Release|Any CPU.ActiveCfg = Release|Any CPU
		{C09BD2CD-AF70-4B18-BE8B-FFAF07636CBE}.Release|Any CPU.Build.0 = Release|Any CPU
		{D9564BFD-22AB-447A-839F-F12F789EA9FE}.Debug|Any CPU.ActiveCfg = Debug|Any CPU
		{D9564BFD-22AB-447A-839F-F12F789EA9FE}.Debug|Any CPU.Build.0 = Debug|Any CPU
		{D9564BFD-22AB-447A-839F-F12F789EA9FE}.Release|Any CPU.ActiveCfg = Release|Any CPU
		{D9564BFD-22AB-447A-839F-F12F789EA9FE}.Release|Any CPU.Build.0 = Release|Any CPU
	EndGlobalSection
	GlobalSection(SolutionProperties) = preSolution
		HideSolutionNode = FALSE
	EndGlobalSection
EndGlobal
