
Microsoft Visual Studio Solution File, Format Version 11.00
# Visual Studio 2010
Project("{FAE04EC0-301F-11D3-BF4B-00C04F79EFBC}") = "Spring.Rest.2010-SL", "src\Spring.Rest\Spring.Rest.2010-SL.csproj", "{01FA5AEB-20A3-42FF-B2E9-A2FE9A7236D1}"
EndProject
Project("{FAE04EC0-301F-11D3-BF4B-00C04F79EFBC}") = "Spring.Rest.Tests.2010-SL", "test\Spring.Rest.Tests\Spring.Rest.Tests.2010-SL.csproj", "{5964F3BF-D3E0-4890-955A-BD287B834B36}"
EndProject
Project("{FAE04EC0-301F-11D3-BF4B-00C04F79EFBC}") = "Spring.Http.Converters.Feed.2010-SL", "src\Spring.Http.Converters.Feed\Spring.Http.Converters.Feed.2010-SL.csproj", "{FA5A01EB-A320-F42F-9AB9-9A7A2FE236D1}"
EndProject
Project("{FAE04EC0-301F-11D3-BF4B-00C04F79EFBC}") = "Spring.Http.Converters.Xml.Linq.2010-SL", "src\Spring.Http.Converters.Xml.Linq\Spring.Http.Converters.Xml.Linq.2010-SL.csproj", "{B01FA5EB-4A20-A42F-5AB9-2F9B2AE236D1}"
EndProject
Project("{FAE04EC0-301F-11D3-BF4B-00C04F79EFBC}") = "Spring.Http.Converters.NJson.2010-SL", "src\Spring.Http.Converters.NJson\Spring.Http.Converters.NJson.2010-SL.csproj", "{AFA5EB01-24A0-2A4F-B5A9-E22F9B2A36D1}"
EndProject
Global
	GlobalSection(SolutionConfigurationPlatforms) = preSolution
		Debug|Any CPU = Debug|Any CPU
		Release|Any CPU = Release|Any CPU
	EndGlobalSection
	GlobalSection(ProjectConfigurationPlatforms) = postSolution
		{01FA5AEB-20A3-42FF-B2E9-A2FE9A7236D1}.Debug|Any CPU.ActiveCfg = Debug|Any CPU
		{01FA5AEB-20A3-42FF-B2E9-A2FE9A7236D1}.Debug|Any CPU.Build.0 = Debug|Any CPU
		{01FA5AEB-20A3-42FF-B2E9-A2FE9A7236D1}.Release|Any CPU.ActiveCfg = Release|Any CPU
		{01FA5AEB-20A3-42FF-B2E9-A2FE9A7236D1}.Release|Any CPU.Build.0 = Release|Any CPU
		{5964F3BF-D3E0-4890-955A-BD287B834B36}.Debug|Any CPU.ActiveCfg = Debug|Any CPU
		{5964F3BF-D3E0-4890-955A-BD287B834B36}.Debug|Any CPU.Build.0 = Debug|Any CPU
		{5964F3BF-D3E0-4890-955A-BD287B834B36}.Release|Any CPU.ActiveCfg = Release|Any CPU
		{5964F3BF-D3E0-4890-955A-BD287B834B36}.Release|Any CPU.Build.0 = Release|Any CPU
		{FA5A01EB-A320-F42F-9AB9-9A7A2FE236D1}.Debug|Any CPU.ActiveCfg = Debug|Any CPU
		{FA5A01EB-A320-F42F-9AB9-9A7A2FE236D1}.Debug|Any CPU.Build.0 = Debug|Any CPU
		{FA5A01EB-A320-F42F-9AB9-9A7A2FE236D1}.Release|Any CPU.ActiveCfg = Release|Any CPU
		{FA5A01EB-A320-F42F-9AB9-9A7A2FE236D1}.Release|Any CPU.Build.0 = Release|Any CPU
		{B01FA5EB-4A20-A42F-5AB9-2F9B2AE236D1}.Debug|Any CPU.ActiveCfg = Debug|Any CPU
		{B01FA5EB-4A20-A42F-5AB9-2F9B2AE236D1}.Debug|Any CPU.Build.0 = Debug|Any CPU
		{B01FA5EB-4A20-A42F-5AB9-2F9B2AE236D1}.Release|Any CPU.ActiveCfg = Release|Any CPU
		{B01FA5EB-4A20-A42F-5AB9-2F9B2AE236D1}.Release|Any CPU.Build.0 = Release|Any CPU
		{AFA5EB01-24A0-2A4F-B5A9-E22F9B2A36D1}.Debug|Any CPU.ActiveCfg = Debug|Any CPU
		{AFA5EB01-24A0-2A4F-B5A9-E22F9B2A36D1}.Debug|Any CPU.Build.0 = Debug|Any CPU
		{AFA5EB01-24A0-2A4F-B5A9-E22F9B2A36D1}.Release|Any CPU.ActiveCfg = Release|Any CPU
		{AFA5EB01-24A0-2A4F-B5A9-E22F9B2A36D1}.Release|Any CPU.Build.0 = Release|Any CPU
	EndGlobalSection
	GlobalSection(SolutionProperties) = preSolution
		HideSolutionNode = FALSE
	EndGlobalSection
EndGlobal
