
Microsoft Visual Studio Solution File, Format Version 11.00
# Visual Studio 2010
Project("{FAE04EC0-301F-11D3-BF4B-00C04F79EFBC}") = "Spring.HttpMessageConverterQuickStart.2010", "src\Spring.HttpMessageConverterQuickStart\Spring.HttpMessageConverterQuickStart.2010.csproj", "{FAD4F098-21BF-4FDC-85CE-7DB6A27D6179}"
EndProject
Global
	GlobalSection(SolutionConfigurationPlatforms) = preSolution
		Debug|Any CPU = Debug|Any CPU
		Release|Any CPU = Release|Any CPU
	EndGlobalSection
	GlobalSection(ProjectConfigurationPlatforms) = postSolution
		{FAD4F098-21BF-4FDC-85CE-7DB6A27D6179}.Debug|Any CPU.ActiveCfg = Debug|Any CPU
		{FAD4F098-21BF-4FDC-85CE-7DB6A27D6179}.Debug|Any CPU.Build.0 = Debug|Any CPU
		{FAD4F098-21BF-4FDC-85CE-7DB6A27D6179}.Release|Any CPU.ActiveCfg = Release|Any CPU
		{FAD4F098-21BF-4FDC-85CE-7DB6A27D6179}.Release|Any CPU.Build.0 = Release|Any CPU
	EndGlobalSection
	GlobalSection(SolutionProperties) = preSolution
		HideSolutionNode = FALSE
	EndGlobalSection
EndGlobal
