Microsoft Visual Studio Solution File, Format Version 12.00
# Visual Studio 2012
Project("{FAE04EC0-301F-11D3-BF4B-00C04F79EFBC}") = "Spring.RestBucksClient", "src\Spring.RestBucksClient\Spring.RestBucksClient.2012-NET45.csproj", "{BB3E13DE-FF16-4659-A7D8-0BE9F5246A24}"
EndProject
Project("{FAE04EC0-301F-11D3-BF4B-00C04F79EFBC}") = "Spring.RestBucksClient.Tests", "test\Spring.RestBucksClient.Tests\Spring.RestBucksClient.Tests.2012-NET45.csproj", "{875A302C-4F1B-4D40-948E-3160C6B39C30}"
EndProject
Global
	GlobalSection(SolutionConfigurationPlatforms) = preSolution
		Debug|Any CPU = Debug|Any CPU
		Release|Any CPU = Release|Any CPU
	EndGlobalSection
	GlobalSection(ProjectConfigurationPlatforms) = postSolution
		{BB3E13DE-FF16-4659-A7D8-0BE9F5246A24}.Debug|Any CPU.ActiveCfg = Debug|Any CPU
		{BB3E13DE-FF16-4659-A7D8-0BE9F5246A24}.Debug|Any CPU.Build.0 = Debug|Any CPU
		{BB3E13DE-FF16-4659-A7D8-0BE9F5246A24}.Release|Any CPU.ActiveCfg = Release|Any CPU
		{BB3E13DE-FF16-4659-A7D8-0BE9F5246A24}.Release|Any CPU.Build.0 = Release|Any CPU
		{875A302C-4F1B-4D40-948E-3160C6B39C30}.Debug|Any CPU.ActiveCfg = Debug|Any CPU
		{875A302C-4F1B-4D40-948E-3160C6B39C30}.Debug|Any CPU.Build.0 = Debug|Any CPU
		{875A302C-4F1B-4D40-948E-3160C6B39C30}.Release|Any CPU.ActiveCfg = Release|Any CPU
		{875A302C-4F1B-4D40-948E-3160C6B39C30}.Release|Any CPU.Build.0 = Release|Any CPU
	EndGlobalSection
	GlobalSection(SolutionProperties) = preSolution
		HideSolutionNode = FALSE
	EndGlobalSection
	GlobalSection(ExtensibilityGlobals) = postSolution
		NAntAddinLastFileName = Spring.build
	EndGlobalSection
EndGlobal
